
Microsoft Visual Studio Solution File, Format Version 12.00
# Visual Studio 15
VisualStudioVersion = 15.0.34031.82
MinimumVisualStudioVersion = 10.0.40219.1
Project("{FAE04EC0-301F-11D3-BF4B-00C04F79EFBC}") = "Intput", "Intput\Intput.csproj", "{6125940E-AD52-475E-9AF7-E4D17DE3A07E}"
EndProject
Project("{FAE04EC0-301F-11D3-BF4B-00C04F79EFBC}") = "Output", "Output\Output.csproj", "{342C55FD-9DB3-4AFB-9623-0CFB18B6D840}"
EndProject
Global
	GlobalSection(SolutionConfigurationPlatforms) = preSolution
		Debug|Any CPU = Debug|Any CPU
		Release|Any CPU = Release|Any CPU
	EndGlobalSection
	GlobalSection(ProjectConfigurationPlatforms) = postSolution
		{6125940E-AD52-475E-9AF7-E4D17DE3A07E}.Debug|Any CPU.ActiveCfg = Debug|Any CPU
		{6125940E-AD52-475E-9AF7-E4D17DE3A07E}.Debug|Any CPU.Build.0 = Debug|Any CPU
		{6125940E-AD52-475E-9AF7-E4D17DE3A07E}.Release|Any CPU.ActiveCfg = Release|Any CPU
		{6125940E-AD52-475E-9AF7-E4D17DE3A07E}.Release|Any CPU.Build.0 = Release|Any CPU
		{342C55FD-9DB3-4AFB-9623-0CFB18B6D840}.Debug|Any CPU.ActiveCfg = Debug|Any CPU
		{342C55FD-9DB3-4AFB-9623-0CFB18B6D840}.Debug|Any CPU.Build.0 = Debug|Any CPU
		{342C55FD-9DB3-4AFB-9623-0CFB18B6D840}.Release|Any CPU.ActiveCfg = Release|Any CPU
		{342C55FD-9DB3-4AFB-9623-0CFB18B6D840}.Release|Any CPU.Build.0 = Release|Any CPU
	EndGlobalSection
	GlobalSection(SolutionProperties) = preSolution
		HideSolutionNode = FALSE
	EndGlobalSection
	GlobalSection(ExtensibilityGlobals) = postSolution
		SolutionGuid = {35A3BB23-CA84-42FA-95A2-D18EA42C1445}
	EndGlobalSection
EndGlobal
