
Microsoft Visual Studio Solution File, Format Version 12.00
# Visual Studio 15
VisualStudioVersion = 15.0.34031.82
MinimumVisualStudioVersion = 10.0.40219.1
Project("{FAE04EC0-301F-11D3-BF4B-00C04F79EFBC}") = "WindowsFormsApp9", "WindowsFormsApp9\WindowsFormsApp9.csproj", "{4E7BE339-1F58-4B4D-AB09-7C620D7B17F8}"
EndProject
Project("{FAE04EC0-301F-11D3-BF4B-00C04F79EFBC}") = "WindowsFormsApp1", "WindowsFormsApp1\WindowsFormsApp1.csproj", "{DB0B2854-E684-47C9-BEF9-9019B033EFED}"
EndProject
Global
	GlobalSection(SolutionConfigurationPlatforms) = preSolution
		Debug|Any CPU = Debug|Any CPU
		Release|Any CPU = Release|Any CPU
	EndGlobalSection
	GlobalSection(ProjectConfigurationPlatforms) = postSolution
		{4E7BE339-1F58-4B4D-AB09-7C620D7B17F8}.Debug|Any CPU.ActiveCfg = Debug|Any CPU
		{4E7BE339-1F58-4B4D-AB09-7C620D7B17F8}.Debug|Any CPU.Build.0 = Debug|Any CPU
		{4E7BE339-1F58-4B4D-AB09-7C620D7B17F8}.Release|Any CPU.ActiveCfg = Release|Any CPU
		{4E7BE339-1F58-4B4D-AB09-7C620D7B17F8}.Release|Any CPU.Build.0 = Release|Any CPU
		{DB0B2854-E684-47C9-BEF9-9019B033EFED}.Debug|Any CPU.ActiveCfg = Debug|Any CPU
		{DB0B2854-E684-47C9-BEF9-9019B033EFED}.Debug|Any CPU.Build.0 = Debug|Any CPU
		{DB0B2854-E684-47C9-BEF9-9019B033EFED}.Release|Any CPU.ActiveCfg = Release|Any CPU
		{DB0B2854-E684-47C9-BEF9-9019B033EFED}.Release|Any CPU.Build.0 = Release|Any CPU
	EndGlobalSection
	GlobalSection(SolutionProperties) = preSolution
		HideSolutionNode = FALSE
	EndGlobalSection
	GlobalSection(ExtensibilityGlobals) = postSolution
		SolutionGuid = {C704D9FC-5E30-4296-8880-0D2CB8D50D4D}
	EndGlobalSection
EndGlobal
