
Microsoft Visual Studio Solution File, Format Version 12.00
# Visual Studio 15
VisualStudioVersion = 15.0.34031.82
MinimumVisualStudioVersion = 10.0.40219.1
Project("{FAE04EC0-301F-11D3-BF4B-00C04F79EFBC}") = "WindowsFormsApp6", "WindowsFormsApp6\WindowsFormsApp6.csproj", "{634A056B-C933-4D48-AEE6-8FBA0FDB994E}"
EndProject
Global
	GlobalSection(SolutionConfigurationPlatforms) = preSolution
		Debug|Any CPU = Debug|Any CPU
		Release|Any CPU = Release|Any CPU
	EndGlobalSection
	GlobalSection(ProjectConfigurationPlatforms) = postSolution
		{634A056B-C933-4D48-AEE6-8FBA0FDB994E}.Debug|Any CPU.ActiveCfg = Debug|Any CPU
		{634A056B-C933-4D48-AEE6-8FBA0FDB994E}.Debug|Any CPU.Build.0 = Debug|Any CPU
		{634A056B-C933-4D48-AEE6-8FBA0FDB994E}.Release|Any CPU.ActiveCfg = Release|Any CPU
		{634A056B-C933-4D48-AEE6-8FBA0FDB994E}.Release|Any CPU.Build.0 = Release|Any CPU
	EndGlobalSection
	GlobalSection(SolutionProperties) = preSolution
		HideSolutionNode = FALSE
	EndGlobalSection
	GlobalSection(ExtensibilityGlobals) = postSolution
		SolutionGuid = {656B4868-5DB2-4EFC-8EFD-8095E728F782}
	EndGlobalSection
EndGlobal
